
Microsoft Visual Studio Solution File, Format Version 12.00
# Visual Studio Version 16
VisualStudioVersion = 16.0.30804.86
MinimumVisualStudioVersion = 10.0.40219.1
Project("{FAE04EC0-301F-11D3-BF4B-00C04F79EFBC}") = "basket_toha", "basket_toha\basket_toha.csproj", "{82475297-58EE-4D20-B0EF-C29C38A7E81B}"
EndProject
Global
	GlobalSection(SolutionConfigurationPlatforms) = preSolution
		Debug|Any CPU = Debug|Any CPU
		Release|Any CPU = Release|Any CPU
	EndGlobalSection
	GlobalSection(ProjectConfigurationPlatforms) = postSolution
		{82475297-58EE-4D20-B0EF-C29C38A7E81B}.Debug|Any CPU.ActiveCfg = Debug|Any CPU
		{82475297-58EE-4D20-B0EF-C29C38A7E81B}.Debug|Any CPU.Build.0 = Debug|Any CPU
		{82475297-58EE-4D20-B0EF-C29C38A7E81B}.Release|Any CPU.ActiveCfg = Release|Any CPU
		{82475297-58EE-4D20-B0EF-C29C38A7E81B}.Release|Any CPU.Build.0 = Release|Any CPU
	EndGlobalSection
	GlobalSection(SolutionProperties) = preSolution
		HideSolutionNode = FALSE
	EndGlobalSection
	GlobalSection(ExtensibilityGlobals) = postSolution
		SolutionGuid = {568B8CA6-CE5E-4EF7-B022-AEA6D8C03E67}
	EndGlobalSection
EndGlobal
